
Microsoft Visual Studio Solution File, Format Version 12.00
# Visual Studio 15
VisualStudioVersion = 15.0.26730.12
MinimumVisualStudioVersion = 10.0.40219.1
Project("{FAE04EC0-301F-11D3-BF4B-00C04F79EFBC}") = "LogIn", "LogIn\LogIn.csproj", "{238B4651-6373-4B88-8FB9-DAF9BA2D495F}"
EndProject
Global
	GlobalSection(SolutionConfigurationPlatforms) = preSolution
		Debug|Any CPU = Debug|Any CPU
		Release|Any CPU = Release|Any CPU
	EndGlobalSection
	GlobalSection(ProjectConfigurationPlatforms) = postSolution
		{238B4651-6373-4B88-8FB9-DAF9BA2D495F}.Debug|Any CPU.ActiveCfg = Debug|Any CPU
		{238B4651-6373-4B88-8FB9-DAF9BA2D495F}.Debug|Any CPU.Build.0 = Debug|Any CPU
		{238B4651-6373-4B88-8FB9-DAF9BA2D495F}.Release|Any CPU.ActiveCfg = Release|Any CPU
		{238B4651-6373-4B88-8FB9-DAF9BA2D495F}.Release|Any CPU.Build.0 = Release|Any CPU
	EndGlobalSection
	GlobalSection(SolutionProperties) = preSolution
		HideSolutionNode = FALSE
	EndGlobalSection
	GlobalSection(ExtensibilityGlobals) = postSolution
		SolutionGuid = {8CF564B8-39AF-4015-B25A-A777871EDEEF}
	EndGlobalSection
EndGlobal
